
Microsoft Visual Studio Solution File, Format Version 10.00
# Visual Studio 2008
Project("{8BC9CEB8-8B4A-11D0-8D11-00A0C91BC942}") = "102342 关键 语法分析器", "102342 关键 语法分析器\102342 关键 语法分析器.vcproj", "{BB1629FE-2117-4079-85D0-2C5DAE532ECA}"
EndProject
Global
	GlobalSection(SolutionConfigurationPlatforms) = preSolution
		Debug|Win32 = Debug|Win32
		Release|Win32 = Release|Win32
	EndGlobalSection
	GlobalSection(ProjectConfigurationPlatforms) = postSolution
		{BB1629FE-2117-4079-85D0-2C5DAE532ECA}.Debug|Win32.ActiveCfg = Debug|Win32
		{BB1629FE-2117-4079-85D0-2C5DAE532ECA}.Debug|Win32.Build.0 = Debug|Win32
		{BB1629FE-2117-4079-85D0-2C5DAE532ECA}.Release|Win32.ActiveCfg = Release|Win32
		{BB1629FE-2117-4079-85D0-2C5DAE532ECA}.Release|Win32.Build.0 = Release|Win32
	EndGlobalSection
	GlobalSection(SolutionProperties) = preSolution
		HideSolutionNode = FALSE
	EndGlobalSection
EndGlobal
